
Microsoft Visual Studio Solution File, Format Version 12.00
# Visual Studio Version 17
VisualStudioVersion = 17.14.36811.4 d17.14
MinimumVisualStudioVersion = 10.0.40219.1
Project("{FAE04EC0-301F-11D3-BF4B-00C04F79EFBC}") = "ConsoleApp7", "ConsoleApp7\ConsoleApp7.csproj", "{6EBAB40F-1CD6-4397-A89F-8B9DD49313C6}"
EndProject
Global
	GlobalSection(SolutionConfigurationPlatforms) = preSolution
		Debug|Any CPU = Debug|Any CPU
		Release|Any CPU = Release|Any CPU
	EndGlobalSection
	GlobalSection(ProjectConfigurationPlatforms) = postSolution
		{6EBAB40F-1CD6-4397-A89F-8B9DD49313C6}.Debug|Any CPU.ActiveCfg = Debug|Any CPU
		{6EBAB40F-1CD6-4397-A89F-8B9DD49313C6}.Debug|Any CPU.Build.0 = Debug|Any CPU
		{6EBAB40F-1CD6-4397-A89F-8B9DD49313C6}.Release|Any CPU.ActiveCfg = Release|Any CPU
		{6EBAB40F-1CD6-4397-A89F-8B9DD49313C6}.Release|Any CPU.Build.0 = Release|Any CPU
	EndGlobalSection
	GlobalSection(SolutionProperties) = preSolution
		HideSolutionNode = FALSE
	EndGlobalSection
	GlobalSection(ExtensibilityGlobals) = postSolution
		SolutionGuid = {B50CEA64-1864-496B-9336-12F4FD0628F2}
	EndGlobalSection
EndGlobal
