
Microsoft Visual Studio Solution File, Format Version 12.00
# Visual Studio Version 17
VisualStudioVersion = 17.14.36616.10 d17.14
MinimumVisualStudioVersion = 10.0.40219.1
Project("{FAE04EC0-301F-11D3-BF4B-00C04F79EFBC}") = "TextRPG", "TextRPG\TextRPG.csproj", "{DEDFE407-95E9-4964-94F0-47211579770C}"
EndProject
Global
	GlobalSection(SolutionConfigurationPlatforms) = preSolution
		Debug|Any CPU = Debug|Any CPU
		Release|Any CPU = Release|Any CPU
	EndGlobalSection
	GlobalSection(ProjectConfigurationPlatforms) = postSolution
		{DEDFE407-95E9-4964-94F0-47211579770C}.Debug|Any CPU.ActiveCfg = Debug|Any CPU
		{DEDFE407-95E9-4964-94F0-47211579770C}.Debug|Any CPU.Build.0 = Debug|Any CPU
		{DEDFE407-95E9-4964-94F0-47211579770C}.Release|Any CPU.ActiveCfg = Release|Any CPU
		{DEDFE407-95E9-4964-94F0-47211579770C}.Release|Any CPU.Build.0 = Release|Any CPU
	EndGlobalSection
	GlobalSection(SolutionProperties) = preSolution
		HideSolutionNode = FALSE
	EndGlobalSection
	GlobalSection(ExtensibilityGlobals) = postSolution
		SolutionGuid = {08994604-DCA4-4A68-BE83-94C152B53D6F}
	EndGlobalSection
EndGlobal
