
Microsoft Visual Studio Solution File, Format Version 12.00
# Visual Studio Version 17
VisualStudioVersion = 17.14.36811.4 d17.14
MinimumVisualStudioVersion = 10.0.40219.1
Project("{FAE04EC0-301F-11D3-BF4B-00C04F79EFBC}") = "ConsoleApp4", "ConsoleApp4\ConsoleApp4.csproj", "{028767CD-3B95-41B8-82CC-BA05C8A88738}"
EndProject
Global
	GlobalSection(SolutionConfigurationPlatforms) = preSolution
		Debug|Any CPU = Debug|Any CPU
		Release|Any CPU = Release|Any CPU
	EndGlobalSection
	GlobalSection(ProjectConfigurationPlatforms) = postSolution
		{028767CD-3B95-41B8-82CC-BA05C8A88738}.Debug|Any CPU.ActiveCfg = Debug|Any CPU
		{028767CD-3B95-41B8-82CC-BA05C8A88738}.Debug|Any CPU.Build.0 = Debug|Any CPU
		{028767CD-3B95-41B8-82CC-BA05C8A88738}.Release|Any CPU.ActiveCfg = Release|Any CPU
		{028767CD-3B95-41B8-82CC-BA05C8A88738}.Release|Any CPU.Build.0 = Release|Any CPU
	EndGlobalSection
	GlobalSection(SolutionProperties) = preSolution
		HideSolutionNode = FALSE
	EndGlobalSection
	GlobalSection(ExtensibilityGlobals) = postSolution
		SolutionGuid = {D28FFA38-1BC1-4369-8D2B-4FFCCF707F59}
	EndGlobalSection
EndGlobal
